
Microsoft Visual Studio Solution File, Format Version 12.00
# Visual Studio 14
VisualStudioVersion = 14.0.23107.0
MinimumVisualStudioVersion = 10.0.40219.1
Project("{FAE04EC0-301F-11D3-BF4B-00C04F79EFBC}") = "core", "core\core.csproj", "{311ABF4C-A509-4190-8F28-1438D7378DF3}"
EndProject
Project("{FAE04EC0-301F-11D3-BF4B-00C04F79EFBC}") = "sb", "sb\sb.csproj", "{8C47B261-9312-4D00-93FA-627278B36C09}"
EndProject
Project("{FAE04EC0-301F-11D3-BF4B-00C04F79EFBC}") = "test-bb", "test-bb\test-bb.csproj", "{C60AE072-39EE-4D16-89B0-144FCF3F07B8}"
EndProject
Project("{FAE04EC0-301F-11D3-BF4B-00C04F79EFBC}") = "core-tests", "core-tests\core-tests.csproj", "{BCE40420-72C2-40C6-B983-61CB465C77A1}"
EndProject
Project("{8BB2217D-0F2D-49D1-97BC-3654ED321F3B}") = "web-api", "web-api\web-api.xproj", "{75EAF956-814D-4F15-93CF-C6053DD4CAC3}"
EndProject
Project("{FAE04EC0-301F-11D3-BF4B-00C04F79EFBC}") = "web-ui", "web-ui\web-ui.csproj", "{6E5CAAF3-DDD7-4B2D-89D1-688FDB61A492}"
EndProject
Global
	GlobalSection(SolutionConfigurationPlatforms) = preSolution
		Debug|Any CPU = Debug|Any CPU
		Debug|x64 = Debug|x64
		Debug|x86 = Debug|x86
		Release|Any CPU = Release|Any CPU
		Release|x64 = Release|x64
		Release|x86 = Release|x86
	EndGlobalSection
	GlobalSection(ProjectConfigurationPlatforms) = postSolution
		{311ABF4C-A509-4190-8F28-1438D7378DF3}.Debug|Any CPU.ActiveCfg = Debug|Any CPU
		{311ABF4C-A509-4190-8F28-1438D7378DF3}.Debug|Any CPU.Build.0 = Debug|Any CPU
		{311ABF4C-A509-4190-8F28-1438D7378DF3}.Debug|x64.ActiveCfg = Debug|x64
		{311ABF4C-A509-4190-8F28-1438D7378DF3}.Debug|x64.Build.0 = Debug|x64
		{311ABF4C-A509-4190-8F28-1438D7378DF3}.Debug|x86.ActiveCfg = Debug|Any CPU
		{311ABF4C-A509-4190-8F28-1438D7378DF3}.Debug|x86.Build.0 = Debug|Any CPU
		{311ABF4C-A509-4190-8F28-1438D7378DF3}.Release|Any CPU.ActiveCfg = Release|Any CPU
		{311ABF4C-A509-4190-8F28-1438D7378DF3}.Release|Any CPU.Build.0 = Release|Any CPU
		{311ABF4C-A509-4190-8F28-1438D7378DF3}.Release|x64.ActiveCfg = Release|x64
		{311ABF4C-A509-4190-8F28-1438D7378DF3}.Release|x64.Build.0 = Release|x64
		{311ABF4C-A509-4190-8F28-1438D7378DF3}.Release|x86.ActiveCfg = Release|x86
		{311ABF4C-A509-4190-8F28-1438D7378DF3}.Release|x86.Build.0 = Release|x86
		{8C47B261-9312-4D00-93FA-627278B36C09}.Debug|Any CPU.ActiveCfg = Debug|Any CPU
		{8C47B261-9312-4D00-93FA-627278B36C09}.Debug|Any CPU.Build.0 = Debug|Any CPU
		{8C47B261-9312-4D00-93FA-627278B36C09}.Debug|x64.ActiveCfg = Debug|x64
		{8C47B261-9312-4D00-93FA-627278B36C09}.Debug|x64.Build.0 = Debug|x64
		{8C47B261-9312-4D00-93FA-627278B36C09}.Debug|x86.ActiveCfg = Debug|Any CPU
		{8C47B261-9312-4D00-93FA-627278B36C09}.Debug|x86.Build.0 = Debug|Any CPU
		{8C47B261-9312-4D00-93FA-627278B36C09}.Release|Any CPU.ActiveCfg = Release|Any CPU
		{8C47B261-9312-4D00-93FA-627278B36C09}.Release|Any CPU.Build.0 = Release|Any CPU
		{8C47B261-9312-4D00-93FA-627278B36C09}.Release|x64.ActiveCfg = Release|x64
		{8C47B261-9312-4D00-93FA-627278B36C09}.Release|x64.Build.0 = Release|x64
		{8C47B261-9312-4D00-93FA-627278B36C09}.Release|x86.ActiveCfg = Release|Any CPU
		{8C47B261-9312-4D00-93FA-627278B36C09}.Release|x86.Build.0 = Release|Any CPU
		{C60AE072-39EE-4D16-89B0-144FCF3F07B8}.Debug|Any CPU.ActiveCfg = Debug|Any CPU
		{C60AE072-39EE-4D16-89B0-144FCF3F07B8}.Debug|Any CPU.Build.0 = Debug|Any CPU
		{C60AE072-39EE-4D16-89B0-144FCF3F07B8}.Debug|x64.ActiveCfg = Debug|x64
		{C60AE072-39EE-4D16-89B0-144FCF3F07B8}.Debug|x64.Build.0 = Debug|x64
		{C60AE072-39EE-4D16-89B0-144FCF3F07B8}.Debug|x86.ActiveCfg = Debug|Any CPU
		{C60AE072-39EE-4D16-89B0-144FCF3F07B8}.Debug|x86.Build.0 = Debug|Any CPU
		{C60AE072-39EE-4D16-89B0-144FCF3F07B8}.Release|Any CPU.ActiveCfg = Release|Any CPU
		{C60AE072-39EE-4D16-89B0-144FCF3F07B8}.Release|Any CPU.Build.0 = Release|Any CPU
		{C60AE072-39EE-4D16-89B0-144FCF3F07B8}.Release|x64.ActiveCfg = Release|x64
		{C60AE072-39EE-4D16-89B0-144FCF3F07B8}.Release|x64.Build.0 = Release|x64
		{C60AE072-39EE-4D16-89B0-144FCF3F07B8}.Release|x86.ActiveCfg = Release|Any CPU
		{C60AE072-39EE-4D16-89B0-144FCF3F07B8}.Release|x86.Build.0 = Release|Any CPU
		{BCE40420-72C2-40C6-B983-61CB465C77A1}.Debug|Any CPU.ActiveCfg = Debug|Any CPU
		{BCE40420-72C2-40C6-B983-61CB465C77A1}.Debug|Any CPU.Build.0 = Debug|Any CPU
		{BCE40420-72C2-40C6-B983-61CB465C77A1}.Debug|x64.ActiveCfg = Debug|x64
		{BCE40420-72C2-40C6-B983-61CB465C77A1}.Debug|x64.Build.0 = Debug|x64
		{BCE40420-72C2-40C6-B983-61CB465C77A1}.Debug|x86.ActiveCfg = Debug|Any CPU
		{BCE40420-72C2-40C6-B983-61CB465C77A1}.Debug|x86.Build.0 = Debug|Any CPU
		{BCE40420-72C2-40C6-B983-61CB465C77A1}.Release|Any CPU.ActiveCfg = Release|Any CPU
		{BCE40420-72C2-40C6-B983-61CB465C77A1}.Release|Any CPU.Build.0 = Release|Any CPU
		{BCE40420-72C2-40C6-B983-61CB465C77A1}.Release|x64.ActiveCfg = Release|x64
		{BCE40420-72C2-40C6-B983-61CB465C77A1}.Release|x64.Build.0 = Release|x64
		{BCE40420-72C2-40C6-B983-61CB465C77A1}.Release|x86.ActiveCfg = Release|Any CPU
		{BCE40420-72C2-40C6-B983-61CB465C77A1}.Release|x86.Build.0 = Release|Any CPU
		{75EAF956-814D-4F15-93CF-C6053DD4CAC3}.Debug|Any CPU.ActiveCfg = Debug|Any CPU
		{75EAF956-814D-4F15-93CF-C6053DD4CAC3}.Debug|Any CPU.Build.0 = Debug|Any CPU
		{75EAF956-814D-4F15-93CF-C6053DD4CAC3}.Debug|x64.ActiveCfg = Debug|Any CPU
		{75EAF956-814D-4F15-93CF-C6053DD4CAC3}.Debug|x64.Build.0 = Debug|Any CPU
		{75EAF956-814D-4F15-93CF-C6053DD4CAC3}.Debug|x86.ActiveCfg = Debug|Any CPU
		{75EAF956-814D-4F15-93CF-C6053DD4CAC3}.Debug|x86.Build.0 = Debug|Any CPU
		{75EAF956-814D-4F15-93CF-C6053DD4CAC3}.Release|Any CPU.ActiveCfg = Release|Any CPU
		{75EAF956-814D-4F15-93CF-C6053DD4CAC3}.Release|Any CPU.Build.0 = Release|Any CPU
		{75EAF956-814D-4F15-93CF-C6053DD4CAC3}.Release|x64.ActiveCfg = Release|Any CPU
		{75EAF956-814D-4F15-93CF-C6053DD4CAC3}.Release|x64.Build.0 = Release|Any CPU
		{75EAF956-814D-4F15-93CF-C6053DD4CAC3}.Release|x86.ActiveCfg = Release|Any CPU
		{75EAF956-814D-4F15-93CF-C6053DD4CAC3}.Release|x86.Build.0 = Release|Any CPU
		{6E5CAAF3-DDD7-4B2D-89D1-688FDB61A492}.Debug|Any CPU.ActiveCfg = Debug|Any CPU
		{6E5CAAF3-DDD7-4B2D-89D1-688FDB61A492}.Debug|Any CPU.Build.0 = Debug|Any CPU
		{6E5CAAF3-DDD7-4B2D-89D1-688FDB61A492}.Debug|x64.ActiveCfg = Debug|Any CPU
		{6E5CAAF3-DDD7-4B2D-89D1-688FDB61A492}.Debug|x64.Build.0 = Debug|Any CPU
		{6E5CAAF3-DDD7-4B2D-89D1-688FDB61A492}.Debug|x86.ActiveCfg = Debug|Any CPU
		{6E5CAAF3-DDD7-4B2D-89D1-688FDB61A492}.Debug|x86.Build.0 = Debug|Any CPU
		{6E5CAAF3-DDD7-4B2D-89D1-688FDB61A492}.Release|Any CPU.ActiveCfg = Release|Any CPU
		{6E5CAAF3-DDD7-4B2D-89D1-688FDB61A492}.Release|Any CPU.Build.0 = Release|Any CPU
		{6E5CAAF3-DDD7-4B2D-89D1-688FDB61A492}.Release|x64.ActiveCfg = Release|Any CPU
		{6E5CAAF3-DDD7-4B2D-89D1-688FDB61A492}.Release|x64.Build.0 = Release|Any CPU
		{6E5CAAF3-DDD7-4B2D-89D1-688FDB61A492}.Release|x86.ActiveCfg = Release|Any CPU
		{6E5CAAF3-DDD7-4B2D-89D1-688FDB61A492}.Release|x86.Build.0 = Release|Any CPU
	EndGlobalSection
	GlobalSection(SolutionProperties) = preSolution
		HideSolutionNode = FALSE
	EndGlobalSection
EndGlobal
